
Microsoft Visual Studio Solution File, Format Version 12.00
# Visual Studio Version 17
VisualStudioVersion = 17.11.35327.3
MinimumVisualStudioVersion = 10.0.40219.1
Project("{FAE04EC0-301F-11D3-BF4B-00C04F79EFBC}") = "BACKEND", "BACKEND\BACKEND.csproj", "{8CD36CFD-5094-409C-B1BA-75C1CCB07952}"
EndProject
Global
	GlobalSection(SolutionConfigurationPlatforms) = preSolution
		Debug|Any CPU = Debug|Any CPU
		Release|Any CPU = Release|Any CPU
	EndGlobalSection
	GlobalSection(ProjectConfigurationPlatforms) = postSolution
		{8CD36CFD-5094-409C-B1BA-75C1CCB07952}.Debug|Any CPU.ActiveCfg = Debug|Any CPU
		{8CD36CFD-5094-409C-B1BA-75C1CCB07952}.Debug|Any CPU.Build.0 = Debug|Any CPU
		{8CD36CFD-5094-409C-B1BA-75C1CCB07952}.Release|Any CPU.ActiveCfg = Release|Any CPU
		{8CD36CFD-5094-409C-B1BA-75C1CCB07952}.Release|Any CPU.Build.0 = Release|Any CPU
	EndGlobalSection
	GlobalSection(SolutionProperties) = preSolution
		HideSolutionNode = FALSE
	EndGlobalSection
	GlobalSection(ExtensibilityGlobals) = postSolution
		SolutionGuid = {D0CCC22F-B843-48A9-8D52-082A8B822316}
	EndGlobalSection
EndGlobal
